
Microsoft Visual Studio Solution File, Format Version 12.00
# Visual Studio Version 16
VisualStudioVersion = 16.0.29709.97
MinimumVisualStudioVersion = 10.0.40219.1
Project("{FAE04EC0-301F-11D3-BF4B-00C04F79EFBC}") = "CharacterCreator.Winforms", "CharacterCreator.Winforms.csproj", "{81EC51FF-179D-40F5-B10B-30F154DD9EE4}"
EndProject
Project("{FAE04EC0-301F-11D3-BF4B-00C04F79EFBC}") = "CharacterCreator", "..\CharacterCreator\CharacterCreator.csproj", "{4DA7E256-D668-4368-B55E-4DFF4DDDCEAA}"
EndProject
Global
	GlobalSection(SolutionConfigurationPlatforms) = preSolution
		Debug|Any CPU = Debug|Any CPU
		Release|Any CPU = Release|Any CPU
	EndGlobalSection
	GlobalSection(ProjectConfigurationPlatforms) = postSolution
		{81EC51FF-179D-40F5-B10B-30F154DD9EE4}.Debug|Any CPU.ActiveCfg = Debug|Any CPU
		{81EC51FF-179D-40F5-B10B-30F154DD9EE4}.Debug|Any CPU.Build.0 = Debug|Any CPU
		{81EC51FF-179D-40F5-B10B-30F154DD9EE4}.Release|Any CPU.ActiveCfg = Release|Any CPU
		{81EC51FF-179D-40F5-B10B-30F154DD9EE4}.Release|Any CPU.Build.0 = Release|Any CPU
		{4DA7E256-D668-4368-B55E-4DFF4DDDCEAA}.Debug|Any CPU.ActiveCfg = Debug|Any CPU
		{4DA7E256-D668-4368-B55E-4DFF4DDDCEAA}.Debug|Any CPU.Build.0 = Debug|Any CPU
		{4DA7E256-D668-4368-B55E-4DFF4DDDCEAA}.Release|Any CPU.ActiveCfg = Release|Any CPU
		{4DA7E256-D668-4368-B55E-4DFF4DDDCEAA}.Release|Any CPU.Build.0 = Release|Any CPU
	EndGlobalSection
	GlobalSection(SolutionProperties) = preSolution
		HideSolutionNode = FALSE
	EndGlobalSection
	GlobalSection(ExtensibilityGlobals) = postSolution
		SolutionGuid = {B6D85A24-08D4-4EA6-9C2A-AB1CDA102F36}
	EndGlobalSection
EndGlobal
