
Microsoft Visual Studio Solution File, Format Version 12.00
# Visual Studio Version 16
VisualStudioVersion = 16.0.29102.190
MinimumVisualStudioVersion = 10.0.40219.1
Project("{FAE04EC0-301F-11D3-BF4B-00C04F79EFBC}") = "testDecimal", "testDecimal.csproj", "{4DAF5E25-1ADA-4EBF-8F62-57BCC844DEA4}"
EndProject
Global
	GlobalSection(SolutionConfigurationPlatforms) = preSolution
		Debug|Any CPU = Debug|Any CPU
		Release|Any CPU = Release|Any CPU
	EndGlobalSection
	GlobalSection(ProjectConfigurationPlatforms) = postSolution
		{4DAF5E25-1ADA-4EBF-8F62-57BCC844DEA4}.Debug|Any CPU.ActiveCfg = Debug|Any CPU
		{4DAF5E25-1ADA-4EBF-8F62-57BCC844DEA4}.Debug|Any CPU.Build.0 = Debug|Any CPU
		{4DAF5E25-1ADA-4EBF-8F62-57BCC844DEA4}.Release|Any CPU.ActiveCfg = Release|Any CPU
		{4DAF5E25-1ADA-4EBF-8F62-57BCC844DEA4}.Release|Any CPU.Build.0 = Release|Any CPU
	EndGlobalSection
	GlobalSection(SolutionProperties) = preSolution
		HideSolutionNode = FALSE
	EndGlobalSection
	GlobalSection(ExtensibilityGlobals) = postSolution
		SolutionGuid = {00CB9616-3EF3-4E89-B65F-ED5028282440}
	EndGlobalSection
EndGlobal
